
Microsoft Visual Studio Solution File, Format Version 12.00
# Visual Studio Version 17
VisualStudioVersion = 17.0.31903.59
MinimumVisualStudioVersion = 10.0.40219.1
Project("{FAE04EC0-301F-11D3-BF4B-00C04F79EFBC}") = "Project-2.API", "Project-2.API\Project-2.API.csproj", "{E54417C2-666C-424C-BE21-02CBD703CCA8}"
EndProject
Project("{FAE04EC0-301F-11D3-BF4B-00C04F79EFBC}") = "Project-2.Services", "Project-2.Services\Project-2.Services.csproj", "{F5A1351A-410C-4377-A2FC-B054DC7C006D}"
EndProject
Project("{FAE04EC0-301F-11D3-BF4B-00C04F79EFBC}") = "Project-2.Models", "Project-2.Models\Project-2.Models.csproj", "{6BB3F237-132F-4B5D-ACBA-B08855012D96}"
EndProject
Project("{FAE04EC0-301F-11D3-BF4B-00C04F79EFBC}") = "Project-2.Data", "Project-2.Data\Project-2.Data.csproj", "{4D3F3CD9-A6A2-4324-A13A-E94C4EF61EE8}"
EndProject
Project("{FAE04EC0-301F-11D3-BF4B-00C04F79EFBC}") = "Project-2.Tests", "Project-2.Tests\Project-2.Tests.csproj", "{89893938-4AEA-4604-9D5B-77634F9581AA}"
EndProject
Project("{FAE04EC0-301F-11D3-BF4B-00C04F79EFBC}") = "Project-2.Pages", "Project-2.Pages\Project-2.Pages.csproj", "{A5F881CA-2B3B-4B48-A439-90F2110DA354}"
EndProject
Global
	GlobalSection(SolutionConfigurationPlatforms) = preSolution
		Debug|Any CPU = Debug|Any CPU
		Release|Any CPU = Release|Any CPU
	EndGlobalSection
	GlobalSection(SolutionProperties) = preSolution
		HideSolutionNode = FALSE
	EndGlobalSection
	GlobalSection(ProjectConfigurationPlatforms) = postSolution
		{E54417C2-666C-424C-BE21-02CBD703CCA8}.Debug|Any CPU.ActiveCfg = Debug|Any CPU
		{E54417C2-666C-424C-BE21-02CBD703CCA8}.Debug|Any CPU.Build.0 = Debug|Any CPU
		{E54417C2-666C-424C-BE21-02CBD703CCA8}.Release|Any CPU.ActiveCfg = Release|Any CPU
		{E54417C2-666C-424C-BE21-02CBD703CCA8}.Release|Any CPU.Build.0 = Release|Any CPU
		{F5A1351A-410C-4377-A2FC-B054DC7C006D}.Debug|Any CPU.ActiveCfg = Debug|Any CPU
		{F5A1351A-410C-4377-A2FC-B054DC7C006D}.Debug|Any CPU.Build.0 = Debug|Any CPU
		{F5A1351A-410C-4377-A2FC-B054DC7C006D}.Release|Any CPU.ActiveCfg = Release|Any CPU
		{F5A1351A-410C-4377-A2FC-B054DC7C006D}.Release|Any CPU.Build.0 = Release|Any CPU
		{6BB3F237-132F-4B5D-ACBA-B08855012D96}.Debug|Any CPU.ActiveCfg = Debug|Any CPU
		{6BB3F237-132F-4B5D-ACBA-B08855012D96}.Debug|Any CPU.Build.0 = Debug|Any CPU
		{6BB3F237-132F-4B5D-ACBA-B08855012D96}.Release|Any CPU.ActiveCfg = Release|Any CPU
		{6BB3F237-132F-4B5D-ACBA-B08855012D96}.Release|Any CPU.Build.0 = Release|Any CPU
		{4D3F3CD9-A6A2-4324-A13A-E94C4EF61EE8}.Debug|Any CPU.ActiveCfg = Debug|Any CPU
		{4D3F3CD9-A6A2-4324-A13A-E94C4EF61EE8}.Debug|Any CPU.Build.0 = Debug|Any CPU
		{4D3F3CD9-A6A2-4324-A13A-E94C4EF61EE8}.Release|Any CPU.ActiveCfg = Release|Any CPU
		{4D3F3CD9-A6A2-4324-A13A-E94C4EF61EE8}.Release|Any CPU.Build.0 = Release|Any CPU
		{89893938-4AEA-4604-9D5B-77634F9581AA}.Debug|Any CPU.ActiveCfg = Debug|Any CPU
		{89893938-4AEA-4604-9D5B-77634F9581AA}.Debug|Any CPU.Build.0 = Debug|Any CPU
		{89893938-4AEA-4604-9D5B-77634F9581AA}.Release|Any CPU.ActiveCfg = Release|Any CPU
		{89893938-4AEA-4604-9D5B-77634F9581AA}.Release|Any CPU.Build.0 = Release|Any CPU
		{A5F881CA-2B3B-4B48-A439-90F2110DA354}.Debug|Any CPU.ActiveCfg = Debug|Any CPU
		{A5F881CA-2B3B-4B48-A439-90F2110DA354}.Debug|Any CPU.Build.0 = Debug|Any CPU
		{A5F881CA-2B3B-4B48-A439-90F2110DA354}.Release|Any CPU.ActiveCfg = Release|Any CPU
		{A5F881CA-2B3B-4B48-A439-90F2110DA354}.Release|Any CPU.Build.0 = Release|Any CPU
	EndGlobalSection
EndGlobal
