Microsoft Visual Studio Solution File, Format Version 12.00
# Visual Studio Version 17
VisualStudioVersion = 17.5.2.0
MinimumVisualStudioVersion = 10.0.40219.1
Project("{FAE04EC0-301F-11D3-BF4B-00C04F79EFBC}") = "Project-2.Models", "Project-2.Models.csproj", "{FA5B20FE-4110-0148-CF81-2B1EEC093198}"
EndProject
Global
	GlobalSection(SolutionConfigurationPlatforms) = preSolution
		Debug|Any CPU = Debug|Any CPU
		Release|Any CPU = Release|Any CPU
	EndGlobalSection
	GlobalSection(ProjectConfigurationPlatforms) = postSolution
		{FA5B20FE-4110-0148-CF81-2B1EEC093198}.Debug|Any CPU.ActiveCfg = Debug|Any CPU
		{FA5B20FE-4110-0148-CF81-2B1EEC093198}.Debug|Any CPU.Build.0 = Debug|Any CPU
		{FA5B20FE-4110-0148-CF81-2B1EEC093198}.Release|Any CPU.ActiveCfg = Release|Any CPU
		{FA5B20FE-4110-0148-CF81-2B1EEC093198}.Release|Any CPU.Build.0 = Release|Any CPU
	EndGlobalSection
	GlobalSection(SolutionProperties) = preSolution
		HideSolutionNode = FALSE
	EndGlobalSection
	GlobalSection(ExtensibilityGlobals) = postSolution
		SolutionGuid = {B55794EE-29CF-422C-9B26-0954B63D814F}
	EndGlobalSection
EndGlobal
